// !$*UTF8*$!
{
	archiveVersion = 1;
	classes = {
	};
	objectVersion = 50;
	objects = {

/* Begin PBXBuildFile section */
		BC98887C23FD3F3B002E9FE6 /* AppDelegate.swift in Sources */ = {isa = PBXBuildFile; fileRef = BC98887B23FD3F3B002E9FE6 /* AppDelegate.swift */; };
		BC98887E23FD3F3B002E9FE6 /* SceneDelegate.swift in Sources */ = {isa = PBXBuildFile; fileRef = BC98887D23FD3F3B002E9FE6 /* SceneDelegate.swift */; };
		BC98888023FD3F3B002E9FE6 /* ViewController.swift in Sources */ = {isa = PBXBuildFile; fileRef = BC98887F23FD3F3B002E9FE6 /* ViewController.swift */; };
		BC98888323FD3F3B002E9FE6 /* Main.storyboard in Resources */ = {isa = PBXBuildFile; fileRef = BC98888123FD3F3B002E9FE6 /* Main.storyboard */; };
		BC98888523FD3F3D002E9FE6 /* Assets.xcassets in Resources */ = {isa = PBXBuildFile; fileRef = BC98888423FD3F3D002E9FE6 /* Assets.xcassets */; };
		BC98888823FD3F3D002E9FE6 /* LaunchScreen.storyboard in Resources */ = {isa = PBXBuildFile; fileRef = BC98888623FD3F3D002E9FE6 /* LaunchScreen.storyboard */; };
		BC98889023FD4026002E9FE6 /* Model.swift in Sources */ = {isa = PBXBuildFile; fileRef = BC98888F23FD4026002E9FE6 /* Model.swift */; };
/* End PBXBuildFile section */

/* Begin PBXFileReference section */
		BC98887823FD3F3B002E9FE6 /* DiffableDataSourceBug.app */ = {isa = PBXFileReference; explicitFileType = wrapper.application; includeInIndex = 0; path = DiffableDataSourceBug.app; sourceTree = BUILT_PRODUCTS_DIR; };
		BC98887B23FD3F3B002E9FE6 /* AppDelegate.swift */ = {isa = PBXFileReference; lastKnownFileType = sourcecode.swift; path = AppDelegate.swift; sourceTree = "<group>"; };
		BC98887D23FD3F3B002E9FE6 /* SceneDelegate.swift */ = {isa = PBXFileReference; lastKnownFileType = sourcecode.swift; path = SceneDelegate.swift; sourceTree = "<group>"; };
		BC98887F23FD3F3B002E9FE6 /* ViewController.swift */ = {isa = PBXFileReference; lastKnownFileType = sourcecode.swift; path = ViewController.swift; sourceTree = "<group>"; };
		BC98888223FD3F3B002E9FE6 /* Base */ = {isa = PBXFileReference; lastKnownFileType = file.storyboard; name = Base; path = Base.lproj/Main.storyboard; sourceTree = "<group>"; };
		BC98888423FD3F3D002E9FE6 /* Assets.xcassets */ = {isa = PBXFileReference; lastKnownFileType = folder.assetcatalog; path = Assets.xcassets; sourceTree = "<group>"; };
		BC98888723FD3F3D002E9FE6 /* Base */ = {isa = PBXFileReference; lastKnownFileType = file.storyboard; name = Base; path = Base.lproj/LaunchScreen.storyboard; sourceTree = "<group>"; };
		BC98888923FD3F3D002E9FE6 /* Info.plist */ = {isa = PBXFileReference; lastKnownFileType = text.plist.xml; path = Info.plist; sourceTree = "<group>"; };
		BC98888F23FD4026002E9FE6 /* Model.swift */ = {isa = PBXFileReference; lastKnownFileType = sourcecode.swift; path = Model.swift; sourceTree = "<group>"; };
/* End PBXFileReference section */

/* Begin PBXFrameworksBuildPhase section */
		BC98887523FD3F3B002E9FE6 /* Frameworks */ = {
			isa = PBXFrameworksBuildPhase;
			buildActionMask = 2147483647;
			files = (
			);
			runOnlyForDeploymentPostprocessing = 0;
		};
/* End PBXFrameworksBuildPhase section */

/* Begin PBXGroup section */
		BC98886F23FD3F3B002E9FE6 = {
			isa = PBXGroup;
			children = (
				BC98887A23FD3F3B002E9FE6 /* DiffableDataSourceBug */,
				BC98887923FD3F3B002E9FE6 /* Products */,
			);
			sourceTree = "<group>";
		};
		BC98887923FD3F3B002E9FE6 /* Products */ = {
			isa = PBXGroup;
			children = (
				BC98887823FD3F3B002E9FE6 /* DiffableDataSourceBug.app */,
			);
			name = Products;
			sourceTree = "<group>";
		};
		BC98887A23FD3F3B002E9FE6 /* DiffableDataSourceBug */ = {
			isa = PBXGroup;
			children = (
				BC98887B23FD3F3B002E9FE6 /* AppDelegate.swift */,
				BC98888423FD3F3D002E9FE6 /* Assets.xcassets */,
				BC98888923FD3F3D002E9FE6 /* Info.plist */,
				BC98888623FD3F3D002E9FE6 /* LaunchScreen.storyboard */,
				BC98888123FD3F3B002E9FE6 /* Main.storyboard */,
				BC98888F23FD4026002E9FE6 /* Model.swift */,
				BC98887D23FD3F3B002E9FE6 /* SceneDelegate.swift */,
				BC98887F23FD3F3B002E9FE6 /* ViewController.swift */,
			);
			path = DiffableDataSourceBug;
			sourceTree = "<group>";
		};
/* End PBXGroup section */

/* Begin PBXNativeTarget section */
		BC98887723FD3F3B002E9FE6 /* DiffableDataSourceBug */ = {
			isa = PBXNativeTarget;
			buildConfigurationList = BC98888C23FD3F3D002E9FE6 /* Build configuration list for PBXNativeTarget "DiffableDataSourceBug" */;
			buildPhases = (
				BC98887423FD3F3B002E9FE6 /* Sources */,
				BC98887523FD3F3B002E9FE6 /* Frameworks */,
				BC98887623FD3F3B002E9FE6 /* Resources */,
			);
			buildRules = (
			);
			dependencies = (
			);
			name = DiffableDataSourceBug;
			productName = DiffableDataSourceBug;
			productReference = BC98887823FD3F3B002E9FE6 /* DiffableDataSourceBug.app */;
			productType = "com.apple.product-type.application";
		};
/* End PBXNativeTarget section */

/* Begin PBXProject section */
		BC98887023FD3F3B002E9FE6 /* Project object */ = {
			isa = PBXProject;
			attributes = {
				LastSwiftUpdateCheck = 1130;
				LastUpgradeCheck = 1130;
				ORGANIZATIONNAME = "Emilio Pavia";
				TargetAttributes = {
					BC98887723FD3F3B002E9FE6 = {
						CreatedOnToolsVersion = 11.3.1;
					};
				};
			};
			buildConfigurationList = BC98887323FD3F3B002E9FE6 /* Build configuration list for PBXProject "DiffableDataSourceBug" */;
			compatibilityVersion = "Xcode 9.3";
			developmentRegion = en;
			hasScannedForEncodings = 0;
			knownRegions = (
				en,
				Base,
			);
			mainGroup = BC98886F23FD3F3B002E9FE6;
			productRefGroup = BC98887923FD3F3B002E9FE6 /* Products */;
			projectDirPath = "";
			projectRoot = "";
			targets = (
				BC98887723FD3F3B002E9FE6 /* DiffableDataSourceBug */,
			);
		};
/* End PBXProject section */

/* Begin PBXResourcesBuildPhase section */
		BC98887623FD3F3B002E9FE6 /* Resources */ = {
			isa = PBXResourcesBuildPhase;
			buildActionMask = 2147483647;
			files = (
				BC98888823FD3F3D002E9FE6 /* LaunchScreen.storyboard in Resources */,
				BC98888523FD3F3D002E9FE6 /* Assets.xcassets in Resources */,
				BC98888323FD3F3B002E9FE6 /* Main.storyboard in Resources */,
			);
			runOnlyForDeploymentPostprocessing = 0;
		};
/* End PBXResourcesBuildPhase section */

/* Begin PBXSourcesBuildPhase section */
		BC98887423FD3F3B002E9FE6 /* Sources */ = {
			isa = PBXSourcesBuildPhase;
			buildActionMask = 2147483647;
			files = (
				BC98888023FD3F3B002E9FE6 /* ViewController.swift in Sources */,
				BC98887C23FD3F3B002E9FE6 /* AppDelegate.swift in Sources */,
				BC98887E23FD3F3B002E9FE6 /* SceneDelegate.swift in Sources */,
				BC98889023FD4026002E9FE6 /* Model.swift in Sources */,
			);
			runOnlyForDeploymentPostprocessing = 0;
		};
/* End PBXSourcesBuildPhase section */

/* Begin PBXVariantGroup section */
		BC98888123FD3F3B002E9FE6 /* Main.storyboard */ = {
			isa = PBXVariantGroup;
			children = (
				BC98888223FD3F3B002E9FE6 /* Base */,
			);
			name = Main.storyboard;
			sourceTree = "<group>";
		};
		BC98888623FD3F3D002E9FE6 /* LaunchScreen.storyboard */ = {
			isa = PBXVariantGroup;
			children = (
				BC98888723FD3F3D002E9FE6 /* Base */,
			);
			name = LaunchScreen.storyboard;
			sourceTree = "<group>";
		};
/* End PBXVariantGroup section */

/* Begin XCBuildConfiguration section */
		BC98888A23FD3F3D002E9FE6 /* Debug */ = {
			isa = XCBuildConfiguration;
			buildSettings = {
				ALWAYS_SEARCH_USER_PATHS = NO;
				CLANG_ANALYZER_NONNULL = YES;
				CLANG_ANALYZER_NUMBER_OBJECT_CONVERSION = YES_AGGRESSIVE;
				CLANG_CXX_LANGUAGE_STANDARD = "gnu++14";
				CLANG_CXX_LIBRARY = "libc++";
				CLANG_ENABLE_MODULES = YES;
				CLANG_ENABLE_OBJC_ARC = YES;
				CLANG_ENABLE_OBJC_WEAK = YES;
				CLANG_WARN_BLOCK_CAPTURE_AUTORELEASING = YES;
				CLANG_WARN_BOOL_CONVERSION = YES;
				CLANG_WARN_COMMA = YES;
				CLANG_WARN_CONSTANT_CONVERSION = YES;
				CLANG_WARN_DEPRECATED_OBJC_IMPLEMENTATIONS = YES;
				CLANG_WARN_DIRECT_OBJC_ISA_USAGE = YES_ERROR;
				CLANG_WARN_DOCUMENTATION_COMMENTS = YES;
				CLANG_WARN_EMPTY_BODY = YES;
				CLANG_WARN_ENUM_CONVERSION = YES;
				CLANG_WARN_INFINITE_RECURSION = YES;
				CLANG_WARN_INT_CONVERSION = YES;
				CLANG_WARN_NON_LITERAL_NULL_CONVERSION = YES;
				CLANG_WARN_OBJC_IMPLICIT_RETAIN_SELF = YES;
				CLANG_WARN_OBJC_LITERAL_CONVERSION = YES;
				CLANG_WARN_OBJC_ROOT_CLASS = YES_ERROR;
				CLANG_WARN_RANGE_LOOP_ANALYSIS = YES;
				CLANG_WARN_STRICT_PROTOTYPES = YES;
				CLANG_WARN_SUSPICIOUS_MOVE = YES;
				CLANG_WARN_UNGUARDED_AVAILABILITY = YES_AGGRESSIVE;
				CLANG_WARN_UNREACHABLE_CODE = YES;
				CLANG_WARN__DUPLICATE_METHOD_MATCH = YES;
				COPY_PHASE_STRIP = NO;
				DEBUG_INFORMATION_FORMAT = dwarf;
				ENABLE_STRICT_OBJC_MSGSEND = YES;
				ENABLE_TESTABILITY = YES;
				GCC_C_LANGUAGE_STANDARD = gnu11;
				GCC_DYNAMIC_NO_PIC = NO;
				GCC_NO_COMMON_BLOCKS = YES;
				GCC_OPTIMIZATION_LEVEL = 0;
				GCC_PREPROCESSOR_DEFINITIONS = (
					"DEBUG=1",
					"$(inherited)",
				);
				GCC_WARN_64_TO_32_BIT_CONVERSION = YES;
				GCC_WARN_ABOUT_RETURN_TYPE = YES_ERROR;
				GCC_WARN_UNDECLARED_SELECTOR = YES;
				GCC_WARN_UNINITIALIZED_AUTOS = YES_AGGRESSIVE;
				GCC_WARN_UNUSED_FUNCTION = YES;
				GCC_WARN_UNUSED_VARIABLE = YES;
				IPHONEOS_DEPLOYMENT_TARGET = 13.2;
				MTL_ENABLE_DEBUG_INFO = INCLUDE_SOURCE;
				MTL_FAST_MATH = YES;
				ONLY_ACTIVE_ARCH = YES;
				SDKROOT = iphoneos;
				SWIFT_ACTIVE_COMPILATION_CONDITIONS = DEBUG;
				SWIFT_OPTIMIZATION_LEVEL = "-Onone";
			};
			name = Debug;
		};
		BC98888B23FD3F3D002E9FE6 /* Release */ = {
			isa = XCBuildConfiguration;
			buildSettings = {
				ALWAYS_SEARCH_USER_PATHS = NO;
				CLANG_ANALYZER_NONNULL = YES;
				CLANG_ANALYZER_NUMBER_OBJECT_CONVERSION = YES_AGGRESSIVE;
				CLANG_CXX_LANGUAGE_STANDARD = "gnu++14";
				CLANG_CXX_LIBRARY = "libc++";
				CLANG_ENABLE_MODULES = YES;
				CLANG_ENABLE_OBJC_ARC = YES;
				CLANG_ENABLE_OBJC_WEAK = YES;
				CLANG_WARN_BLOCK_CAPTURE_AUTORELEASING = YES;
				CLANG_WARN_BOOL_CONVERSION = YES;
				CLANG_WARN_COMMA = YES;
				CLANG_WARN_CONSTANT_CONVERSION = YES;
				CLANG_WARN_DEPRECATED_OBJC_IMPLEMENTATIONS = YES;
				CLANG_WARN_DIRECT_OBJC_ISA_USAGE = YES_ERROR;
				CLANG_WARN_DOCUMENTATION_COMMENTS = YES;
				CLANG_WARN_EMPTY_BODY = YES;
				CLANG_WARN_ENUM_CONVERSION = YES;
				CLANG_WARN_INFINITE_RECURSION = YES;
				CLANG_WARN_INT_CONVERSION = YES;
				CLANG_WARN_NON_LITERAL_NULL_CONVERSION = YES;
				CLANG_WARN_OBJC_IMPLICIT_RETAIN_SELF = YES;
				CLANG_WARN_OBJC_LITERAL_CONVERSION = YES;
				CLANG_WARN_OBJC_ROOT_CLASS = YES_ERROR;
				CLANG_WARN_RANGE_LOOP_ANALYSIS = YES;
				CLANG_WARN_STRICT_PROTOTYPES = YES;
				CLANG_WARN_SUSPICIOUS_MOVE = YES;
				CLANG_WARN_UNGUARDED_AVAILABILITY = YES_AGGRESSIVE;
				CLANG_WARN_UNREACHABLE_CODE = YES;
				CLANG_WARN__DUPLICATE_METHOD_MATCH = YES;
				COPY_PHASE_STRIP = NO;
				DEBUG_INFORMATION_FORMAT = "dwarf-with-dsym";
				ENABLE_NS_ASSERTIONS = NO;
				ENABLE_STRICT_OBJC_MSGSEND = YES;
				GCC_C_LANGUAGE_STANDARD = gnu11;
				GCC_NO_COMMON_BLOCKS = YES;
				GCC_WARN_64_TO_32_BIT_CONVERSION = YES;
				GCC_WARN_ABOUT_RETURN_TYPE = YES_ERROR;
				GCC_WARN_UNDECLARED_SELECTOR = YES;
				GCC_WARN_UNINITIALIZED_AUTOS = YES_AGGRESSIVE;
				GCC_WARN_UNUSED_FUNCTION = YES;
				GCC_WARN_UNUSED_VARIABLE = YES;
				IPHONEOS_DEPLOYMENT_TARGET = 13.2;
				MTL_ENABLE_DEBUG_INFO = NO;
				MTL_FAST_MATH = YES;
				SDKROOT = iphoneos;
				SWIFT_COMPILATION_MODE = wholemodule;
				SWIFT_OPTIMIZATION_LEVEL = "-O";
				VALIDATE_PRODUCT = YES;
			};
			name = Release;
		};
		BC98888D23FD3F3D002E9FE6 /* Debug */ = {
			isa = XCBuildConfiguration;
			buildSettings = {
				ASSETCATALOG_COMPILER_APPICON_NAME = AppIcon;
				CODE_SIGN_STYLE = Automatic;
				DEVELOPMENT_TEAM = YWL5YWUXFZ;
				INFOPLIST_FILE = DiffableDataSourceBug/Info.plist;
				LD_RUNPATH_SEARCH_PATHS = (
					"$(inherited)",
					"@executable_path/Frameworks",
				);
				PRODUCT_BUNDLE_IDENTIFIER = it.emiliopavia.DiffableDataSourceBug;
				PRODUCT_NAME = "$(TARGET_NAME)";
				SWIFT_VERSION = 5.0;
				TARGETED_DEVICE_FAMILY = "1,2";
			};
			name = Debug;
		};
		BC98888E23FD3F3D002E9FE6 /* Release */ = {
			isa = XCBuildConfiguration;
			buildSettings = {
				ASSETCATALOG_COMPILER_APPICON_NAME = AppIcon;
				CODE_SIGN_STYLE = Automatic;
				DEVELOPMENT_TEAM = YWL5YWUXFZ;
				INFOPLIST_FILE = DiffableDataSourceBug/Info.plist;
				LD_RUNPATH_SEARCH_PATHS = (
					"$(inherited)",
					"@executable_path/Frameworks",
				);
				PRODUCT_BUNDLE_IDENTIFIER = it.emiliopavia.DiffableDataSourceBug;
				PRODUCT_NAME = "$(TARGET_NAME)";
				SWIFT_VERSION = 5.0;
				TARGETED_DEVICE_FAMILY = "1,2";
			};
			name = Release;
		};
/* End XCBuildConfiguration section */

/* Begin XCConfigurationList section */
		BC98887323FD3F3B002E9FE6 /* Build configuration list for PBXProject "DiffableDataSourceBug" */ = {
			isa = XCConfigurationList;
			buildConfigurations = (
				BC98888A23FD3F3D002E9FE6 /* Debug */,
				BC98888B23FD3F3D002E9FE6 /* Release */,
			);
			defaultConfigurationIsVisible = 0;
			defaultConfigurationName = Release;
		};
		BC98888C23FD3F3D002E9FE6 /* Build configuration list for PBXNativeTarget "DiffableDataSourceBug" */ = {
			isa = XCConfigurationList;
			buildConfigurations = (
				BC98888D23FD3F3D002E9FE6 /* Debug */,
				BC98888E23FD3F3D002E9FE6 /* Release */,
			);
			defaultConfigurationIsVisible = 0;
			defaultConfigurationName = Release;
		};
/* End XCConfigurationList section */
	};
	rootObject = BC98887023FD3F3B002E9FE6 /* Project object */;
}
